
Microsoft Visual Studio Solution File, Format Version 12.00
# Visual Studio 15
VisualStudioVersion = 15.0.27004.2002
MinimumVisualStudioVersion = 10.0.40219.1
Project("{FAE04EC0-301F-11D3-BF4B-00C04F79EFBC}") = "CustomerMaintainance", "CustomerMaintainance\CustomerMaintainance.csproj", "{37C83A24-BF6B-4420-A218-5D6AFF2EC9BC}"
EndProject
Project("{FAE04EC0-301F-11D3-BF4B-00C04F79EFBC}") = "CustomerHierarchy", "CustomerHierarchy\CustomerHierarchy.csproj", "{EBCA7C4B-DF5C-45EF-B173-DC591380CA6B}"
EndProject
Global
	GlobalSection(SolutionConfigurationPlatforms) = preSolution
		Debug|Any CPU = Debug|Any CPU
		Release|Any CPU = Release|Any CPU
	EndGlobalSection
	GlobalSection(ProjectConfigurationPlatforms) = postSolution
		{37C83A24-BF6B-4420-A218-5D6AFF2EC9BC}.Debug|Any CPU.ActiveCfg = Debug|Any CPU
		{37C83A24-BF6B-4420-A218-5D6AFF2EC9BC}.Debug|Any CPU.Build.0 = Debug|Any CPU
		{37C83A24-BF6B-4420-A218-5D6AFF2EC9BC}.Release|Any CPU.ActiveCfg = Release|Any CPU
		{37C83A24-BF6B-4420-A218-5D6AFF2EC9BC}.Release|Any CPU.Build.0 = Release|Any CPU
		{EBCA7C4B-DF5C-45EF-B173-DC591380CA6B}.Debug|Any CPU.ActiveCfg = Debug|Any CPU
		{EBCA7C4B-DF5C-45EF-B173-DC591380CA6B}.Debug|Any CPU.Build.0 = Debug|Any CPU
		{EBCA7C4B-DF5C-45EF-B173-DC591380CA6B}.Release|Any CPU.ActiveCfg = Release|Any CPU
		{EBCA7C4B-DF5C-45EF-B173-DC591380CA6B}.Release|Any CPU.Build.0 = Release|Any CPU
	EndGlobalSection
	GlobalSection(SolutionProperties) = preSolution
		HideSolutionNode = FALSE
	EndGlobalSection
	GlobalSection(ExtensibilityGlobals) = postSolution
		SolutionGuid = {6CD0B3B5-BE73-43B0-8E03-1CC351F90635}
	EndGlobalSection
EndGlobal
